// !$*UTF8*$!
{
	archiveVersion = 1;
	classes = {
	};
	objectVersion = 56;
	objects = {

/* Begin PBXBuildFile section */
		3B7BBEBA29203AA7008BB6EC /* homework_4App.swift in Sources */ = {isa = PBXBuildFile; fileRef = 3B7BBEB929203AA7008BB6EC /* homework_4App.swift */; };
		3B7BBEBC29203AA7008BB6EC /* ContentView.swift in Sources */ = {isa = PBXBuildFile; fileRef = 3B7BBEBB29203AA7008BB6EC /* ContentView.swift */; };
		3B7BBEBE29203AA9008BB6EC /* Assets.xcassets in Resources */ = {isa = PBXBuildFile; fileRef = 3B7BBEBD29203AA9008BB6EC /* Assets.xcassets */; };
		3B7BBEC129203AA9008BB6EC /* Preview Assets.xcassets in Resources */ = {isa = PBXBuildFile; fileRef = 3B7BBEC029203AA9008BB6EC /* Preview Assets.xcassets */; };
		3B7BBEC829203C10008BB6EC /* Model.swift in Sources */ = {isa = PBXBuildFile; fileRef = 3B7BBEC729203C10008BB6EC /* Model.swift */; };
		3B7BBECA29203EF4008BB6EC /* Store.swift in Sources */ = {isa = PBXBuildFile; fileRef = 3B7BBEC929203EF4008BB6EC /* Store.swift */; };
		3B7BBECF29204002008BB6EC /* TodoView.swift in Sources */ = {isa = PBXBuildFile; fileRef = 3B7BBECE29204002008BB6EC /* TodoView.swift */; };
		3B7BBED12920411B008BB6EC /* TodoListView.swift in Sources */ = {isa = PBXBuildFile; fileRef = 3B7BBED02920411B008BB6EC /* TodoListView.swift */; };
		3B7BBED3292041A4008BB6EC /* SortPickerView.swift in Sources */ = {isa = PBXBuildFile; fileRef = 3B7BBED2292041A4008BB6EC /* SortPickerView.swift */; };
		3B7BBED529205953008BB6EC /* ContentViewModel.swift in Sources */ = {isa = PBXBuildFile; fileRef = 3B7BBED429205953008BB6EC /* ContentViewModel.swift */; };
		3B7BBED729205B23008BB6EC /* AddTodoView.swift in Sources */ = {isa = PBXBuildFile; fileRef = 3B7BBED629205B23008BB6EC /* AddTodoView.swift */; };
/* End PBXBuildFile section */

/* Begin PBXFileReference section */
		3B7BBEB629203AA7008BB6EC /* homework-4.app */ = {isa = PBXFileReference; explicitFileType = wrapper.application; includeInIndex = 0; path = "homework-4.app"; sourceTree = BUILT_PRODUCTS_DIR; };
		3B7BBEB929203AA7008BB6EC /* homework_4App.swift */ = {isa = PBXFileReference; lastKnownFileType = sourcecode.swift; path = homework_4App.swift; sourceTree = "<group>"; };
		3B7BBEBB29203AA7008BB6EC /* ContentView.swift */ = {isa = PBXFileReference; lastKnownFileType = sourcecode.swift; path = ContentView.swift; sourceTree = "<group>"; };
		3B7BBEBD29203AA9008BB6EC /* Assets.xcassets */ = {isa = PBXFileReference; lastKnownFileType = folder.assetcatalog; path = Assets.xcassets; sourceTree = "<group>"; };
		3B7BBEC029203AA9008BB6EC /* Preview Assets.xcassets */ = {isa = PBXFileReference; lastKnownFileType = folder.assetcatalog; path = "Preview Assets.xcassets"; sourceTree = "<group>"; };
		3B7BBEC729203C10008BB6EC /* Model.swift */ = {isa = PBXFileReference; lastKnownFileType = sourcecode.swift; path = Model.swift; sourceTree = "<group>"; };
		3B7BBEC929203EF4008BB6EC /* Store.swift */ = {isa = PBXFileReference; lastKnownFileType = sourcecode.swift; path = Store.swift; sourceTree = "<group>"; };
		3B7BBECE29204002008BB6EC /* TodoView.swift */ = {isa = PBXFileReference; lastKnownFileType = sourcecode.swift; path = TodoView.swift; sourceTree = "<group>"; };
		3B7BBED02920411B008BB6EC /* TodoListView.swift */ = {isa = PBXFileReference; lastKnownFileType = sourcecode.swift; path = TodoListView.swift; sourceTree = "<group>"; };
		3B7BBED2292041A4008BB6EC /* SortPickerView.swift */ = {isa = PBXFileReference; lastKnownFileType = sourcecode.swift; path = SortPickerView.swift; sourceTree = "<group>"; };
		3B7BBED429205953008BB6EC /* ContentViewModel.swift */ = {isa = PBXFileReference; lastKnownFileType = sourcecode.swift; path = ContentViewModel.swift; sourceTree = "<group>"; };
		3B7BBED629205B23008BB6EC /* AddTodoView.swift */ = {isa = PBXFileReference; lastKnownFileType = sourcecode.swift; path = AddTodoView.swift; sourceTree = "<group>"; };
/* End PBXFileReference section */

/* Begin PBXFrameworksBuildPhase section */
		3B7BBEB329203AA7008BB6EC /* Frameworks */ = {
			isa = PBXFrameworksBuildPhase;
			buildActionMask = 2147483647;
			files = (
			);
			runOnlyForDeploymentPostprocessing = 0;
		};
/* End PBXFrameworksBuildPhase section */

/* Begin PBXGroup section */
		3B7BBEAD29203AA7008BB6EC = {
			isa = PBXGroup;
			children = (
				3B7BBEB829203AA7008BB6EC /* homework-4 */,
				3B7BBEB729203AA7008BB6EC /* Products */,
			);
			sourceTree = "<group>";
		};
		3B7BBEB729203AA7008BB6EC /* Products */ = {
			isa = PBXGroup;
			children = (
				3B7BBEB629203AA7008BB6EC /* homework-4.app */,
			);
			name = Products;
			sourceTree = "<group>";
		};
		3B7BBEB829203AA7008BB6EC /* homework-4 */ = {
			isa = PBXGroup;
			children = (
				3B7BBEB929203AA7008BB6EC /* homework_4App.swift */,
				3B7BBECD29203FE2008BB6EC /* View */,
				3B7BBECC29203FB7008BB6EC /* Model */,
				3B7BBECB29203FAB008BB6EC /* Store */,
				3B7BBEBD29203AA9008BB6EC /* Assets.xcassets */,
				3B7BBEBF29203AA9008BB6EC /* Preview Content */,
			);
			path = "homework-4";
			sourceTree = "<group>";
		};
		3B7BBEBF29203AA9008BB6EC /* Preview Content */ = {
			isa = PBXGroup;
			children = (
				3B7BBEC029203AA9008BB6EC /* Preview Assets.xcassets */,
			);
			path = "Preview Content";
			sourceTree = "<group>";
		};
		3B7BBECB29203FAB008BB6EC /* Store */ = {
			isa = PBXGroup;
			children = (
				3B7BBEC929203EF4008BB6EC /* Store.swift */,
			);
			path = Store;
			sourceTree = "<group>";
		};
		3B7BBECC29203FB7008BB6EC /* Model */ = {
			isa = PBXGroup;
			children = (
				3B7BBEC729203C10008BB6EC /* Model.swift */,
			);
			path = Model;
			sourceTree = "<group>";
		};
		3B7BBECD29203FE2008BB6EC /* View */ = {
			isa = PBXGroup;
			children = (
				3B7BBEBB29203AA7008BB6EC /* ContentView.swift */,
				3B7BBECE29204002008BB6EC /* TodoView.swift */,
				3B7BBED02920411B008BB6EC /* TodoListView.swift */,
				3B7BBED2292041A4008BB6EC /* SortPickerView.swift */,
				3B7BBED429205953008BB6EC /* ContentViewModel.swift */,
				3B7BBED629205B23008BB6EC /* AddTodoView.swift */,
			);
			path = View;
			sourceTree = "<group>";
		};
/* End PBXGroup section */

/* Begin PBXNativeTarget section */
		3B7BBEB529203AA7008BB6EC /* homework-4 */ = {
			isa = PBXNativeTarget;
			buildConfigurationList = 3B7BBEC429203AA9008BB6EC /* Build configuration list for PBXNativeTarget "homework-4" */;
			buildPhases = (
				3B7BBEB229203AA7008BB6EC /* Sources */,
				3B7BBEB329203AA7008BB6EC /* Frameworks */,
				3B7BBEB429203AA7008BB6EC /* Resources */,
			);
			buildRules = (
			);
			dependencies = (
			);
			name = "homework-4";
			productName = "homework-4";
			productReference = 3B7BBEB629203AA7008BB6EC /* homework-4.app */;
			productType = "com.apple.product-type.application";
		};
/* End PBXNativeTarget section */

/* Begin PBXProject section */
		3B7BBEAE29203AA7008BB6EC /* Project object */ = {
			isa = PBXProject;
			attributes = {
				BuildIndependentTargetsInParallel = 1;
				LastSwiftUpdateCheck = 1400;
				LastUpgradeCheck = 1400;
				TargetAttributes = {
					3B7BBEB529203AA7008BB6EC = {
						CreatedOnToolsVersion = 14.0.1;
					};
				};
			};
			buildConfigurationList = 3B7BBEB129203AA7008BB6EC /* Build configuration list for PBXProject "homework-4" */;
			compatibilityVersion = "Xcode 14.0";
			developmentRegion = en;
			hasScannedForEncodings = 0;
			knownRegions = (
				en,
				Base,
			);
			mainGroup = 3B7BBEAD29203AA7008BB6EC;
			productRefGroup = 3B7BBEB729203AA7008BB6EC /* Products */;
			projectDirPath = "";
			projectRoot = "";
			targets = (
				3B7BBEB529203AA7008BB6EC /* homework-4 */,
			);
		};
/* End PBXProject section */

/* Begin PBXResourcesBuildPhase section */
		3B7BBEB429203AA7008BB6EC /* Resources */ = {
			isa = PBXResourcesBuildPhase;
			buildActionMask = 2147483647;
			files = (
				3B7BBEC129203AA9008BB6EC /* Preview Assets.xcassets in Resources */,
				3B7BBEBE29203AA9008BB6EC /* Assets.xcassets in Resources */,
			);
			runOnlyForDeploymentPostprocessing = 0;
		};
/* End PBXResourcesBuildPhase section */

/* Begin PBXSourcesBuildPhase section */
		3B7BBEB229203AA7008BB6EC /* Sources */ = {
			isa = PBXSourcesBuildPhase;
			buildActionMask = 2147483647;
			files = (
				3B7BBED529205953008BB6EC /* ContentViewModel.swift in Sources */,
				3B7BBEC829203C10008BB6EC /* Model.swift in Sources */,
				3B7BBED729205B23008BB6EC /* AddTodoView.swift in Sources */,
				3B7BBEBC29203AA7008BB6EC /* ContentView.swift in Sources */,
				3B7BBED3292041A4008BB6EC /* SortPickerView.swift in Sources */,
				3B7BBED12920411B008BB6EC /* TodoListView.swift in Sources */,
				3B7BBECF29204002008BB6EC /* TodoView.swift in Sources */,
				3B7BBEBA29203AA7008BB6EC /* homework_4App.swift in Sources */,
				3B7BBECA29203EF4008BB6EC /* Store.swift in Sources */,
			);
			runOnlyForDeploymentPostprocessing = 0;
		};
/* End PBXSourcesBuildPhase section */

/* Begin XCBuildConfiguration section */
		3B7BBEC229203AA9008BB6EC /* Debug */ = {
			isa = XCBuildConfiguration;
			buildSettings = {
				ALWAYS_SEARCH_USER_PATHS = NO;
				CLANG_ANALYZER_NONNULL = YES;
				CLANG_ANALYZER_NUMBER_OBJECT_CONVERSION = YES_AGGRESSIVE;
				CLANG_CXX_LANGUAGE_STANDARD = "gnu++20";
				CLANG_ENABLE_MODULES = YES;
				CLANG_ENABLE_OBJC_ARC = YES;
				CLANG_ENABLE_OBJC_WEAK = YES;
				CLANG_WARN_BLOCK_CAPTURE_AUTORELEASING = YES;
				CLANG_WARN_BOOL_CONVERSION = YES;
				CLANG_WARN_COMMA = YES;
				CLANG_WARN_CONSTANT_CONVERSION = YES;
				CLANG_WARN_DEPRECATED_OBJC_IMPLEMENTATIONS = YES;
				CLANG_WARN_DIRECT_OBJC_ISA_USAGE = YES_ERROR;
				CLANG_WARN_DOCUMENTATION_COMMENTS = YES;
				CLANG_WARN_EMPTY_BODY = YES;
				CLANG_WARN_ENUM_CONVERSION = YES;
				CLANG_WARN_INFINITE_RECURSION = YES;
				CLANG_WARN_INT_CONVERSION = YES;
				CLANG_WARN_NON_LITERAL_NULL_CONVERSION = YES;
				CLANG_WARN_OBJC_IMPLICIT_RETAIN_SELF = YES;
				CLANG_WARN_OBJC_LITERAL_CONVERSION = YES;
				CLANG_WARN_OBJC_ROOT_CLASS = YES_ERROR;
				CLANG_WARN_QUOTED_INCLUDE_IN_FRAMEWORK_HEADER = YES;
				CLANG_WARN_RANGE_LOOP_ANALYSIS = YES;
				CLANG_WARN_STRICT_PROTOTYPES = YES;
				CLANG_WARN_SUSPICIOUS_MOVE = YES;
				CLANG_WARN_UNGUARDED_AVAILABILITY = YES_AGGRESSIVE;
				CLANG_WARN_UNREACHABLE_CODE = YES;
				CLANG_WARN__DUPLICATE_METHOD_MATCH = YES;
				COPY_PHASE_STRIP = NO;
				DEBUG_INFORMATION_FORMAT = dwarf;
				ENABLE_STRICT_OBJC_MSGSEND = YES;
				ENABLE_TESTABILITY = YES;
				GCC_C_LANGUAGE_STANDARD = gnu11;
				GCC_DYNAMIC_NO_PIC = NO;
				GCC_NO_COMMON_BLOCKS = YES;
				GCC_OPTIMIZATION_LEVEL = 0;
				GCC_PREPROCESSOR_DEFINITIONS = (
					"DEBUG=1",
					"$(inherited)",
				);
				GCC_WARN_64_TO_32_BIT_CONVERSION = YES;
				GCC_WARN_ABOUT_RETURN_TYPE = YES_ERROR;
				GCC_WARN_UNDECLARED_SELECTOR = YES;
				GCC_WARN_UNINITIALIZED_AUTOS = YES_AGGRESSIVE;
				GCC_WARN_UNUSED_FUNCTION = YES;
				GCC_WARN_UNUSED_VARIABLE = YES;
				IPHONEOS_DEPLOYMENT_TARGET = 16.0;
				MTL_ENABLE_DEBUG_INFO = INCLUDE_SOURCE;
				MTL_FAST_MATH = YES;
				ONLY_ACTIVE_ARCH = YES;
				SDKROOT = iphoneos;
				SWIFT_ACTIVE_COMPILATION_CONDITIONS = DEBUG;
				SWIFT_OPTIMIZATION_LEVEL = "-Onone";
			};
			name = Debug;
		};
		3B7BBEC329203AA9008BB6EC /* Release */ = {
			isa = XCBuildConfiguration;
			buildSettings = {
				ALWAYS_SEARCH_USER_PATHS = NO;
				CLANG_ANALYZER_NONNULL = YES;
				CLANG_ANALYZER_NUMBER_OBJECT_CONVERSION = YES_AGGRESSIVE;
				CLANG_CXX_LANGUAGE_STANDARD = "gnu++20";
				CLANG_ENABLE_MODULES = YES;
				CLANG_ENABLE_OBJC_ARC = YES;
				CLANG_ENABLE_OBJC_WEAK = YES;
				CLANG_WARN_BLOCK_CAPTURE_AUTORELEASING = YES;
				CLANG_WARN_BOOL_CONVERSION = YES;
				CLANG_WARN_COMMA = YES;
				CLANG_WARN_CONSTANT_CONVERSION = YES;
				CLANG_WARN_DEPRECATED_OBJC_IMPLEMENTATIONS = YES;
				CLANG_WARN_DIRECT_OBJC_ISA_USAGE = YES_ERROR;
				CLANG_WARN_DOCUMENTATION_COMMENTS = YES;
				CLANG_WARN_EMPTY_BODY = YES;
				CLANG_WARN_ENUM_CONVERSION = YES;
				CLANG_WARN_INFINITE_RECURSION = YES;
				CLANG_WARN_INT_CONVERSION = YES;
				CLANG_WARN_NON_LITERAL_NULL_CONVERSION = YES;
				CLANG_WARN_OBJC_IMPLICIT_RETAIN_SELF = YES;
				CLANG_WARN_OBJC_LITERAL_CONVERSION = YES;
				CLANG_WARN_OBJC_ROOT_CLASS = YES_ERROR;
				CLANG_WARN_QUOTED_INCLUDE_IN_FRAMEWORK_HEADER = YES;
				CLANG_WARN_RANGE_LOOP_ANALYSIS = YES;
				CLANG_WARN_STRICT_PROTOTYPES = YES;
				CLANG_WARN_SUSPICIOUS_MOVE = YES;
				CLANG_WARN_UNGUARDED_AVAILABILITY = YES_AGGRESSIVE;
				CLANG_WARN_UNREACHABLE_CODE = YES;
				CLANG_WARN__DUPLICATE_METHOD_MATCH = YES;
				COPY_PHASE_STRIP = NO;
				DEBUG_INFORMATION_FORMAT = "dwarf-with-dsym";
				ENABLE_NS_ASSERTIONS = NO;
				ENABLE_STRICT_OBJC_MSGSEND = YES;
				GCC_C_LANGUAGE_STANDARD = gnu11;
				GCC_NO_COMMON_BLOCKS = YES;
				GCC_WARN_64_TO_32_BIT_CONVERSION = YES;
				GCC_WARN_ABOUT_RETURN_TYPE = YES_ERROR;
				GCC_WARN_UNDECLARED_SELECTOR = YES;
				GCC_WARN_UNINITIALIZED_AUTOS = YES_AGGRESSIVE;
				GCC_WARN_UNUSED_FUNCTION = YES;
				GCC_WARN_UNUSED_VARIABLE = YES;
				IPHONEOS_DEPLOYMENT_TARGET = 16.0;
				MTL_ENABLE_DEBUG_INFO = NO;
				MTL_FAST_MATH = YES;
				SDKROOT = iphoneos;
				SWIFT_COMPILATION_MODE = wholemodule;
				SWIFT_OPTIMIZATION_LEVEL = "-O";
				VALIDATE_PRODUCT = YES;
			};
			name = Release;
		};
		3B7BBEC529203AA9008BB6EC /* Debug */ = {
			isa = XCBuildConfiguration;
			buildSettings = {
				ASSETCATALOG_COMPILER_APPICON_NAME = AppIcon;
				ASSETCATALOG_COMPILER_GLOBAL_ACCENT_COLOR_NAME = AccentColor;
				CODE_SIGN_STYLE = Automatic;
				CURRENT_PROJECT_VERSION = 1;
				DEVELOPMENT_ASSET_PATHS = "\"homework-4/Preview Content\"";
				DEVELOPMENT_TEAM = KKN37UUKG9;
				ENABLE_PREVIEWS = YES;
				GENERATE_INFOPLIST_FILE = YES;
				INFOPLIST_KEY_UIApplicationSceneManifest_Generation = YES;
				INFOPLIST_KEY_UIApplicationSupportsIndirectInputEvents = YES;
				INFOPLIST_KEY_UILaunchScreen_Generation = YES;
				INFOPLIST_KEY_UISupportedInterfaceOrientations_iPad = "UIInterfaceOrientationPortrait UIInterfaceOrientationPortraitUpsideDown UIInterfaceOrientationLandscapeLeft UIInterfaceOrientationLandscapeRight";
				INFOPLIST_KEY_UISupportedInterfaceOrientations_iPhone = "UIInterfaceOrientationPortrait UIInterfaceOrientationLandscapeLeft UIInterfaceOrientationLandscapeRight";
				LD_RUNPATH_SEARCH_PATHS = (
					"$(inherited)",
					"@executable_path/Frameworks",
				);
				MARKETING_VERSION = 1.0;
				PRODUCT_BUNDLE_IDENTIFIER = "homework-4.tambovtsev.pro.homework-4";
				PRODUCT_NAME = "$(TARGET_NAME)";
				SWIFT_EMIT_LOC_STRINGS = YES;
				SWIFT_VERSION = 5.0;
				TARGETED_DEVICE_FAMILY = "1,2";
			};
			name = Debug;
		};
		3B7BBEC629203AA9008BB6EC /* Release */ = {
			isa = XCBuildConfiguration;
			buildSettings = {
				ASSETCATALOG_COMPILER_APPICON_NAME = AppIcon;
				ASSETCATALOG_COMPILER_GLOBAL_ACCENT_COLOR_NAME = AccentColor;
				CODE_SIGN_STYLE = Automatic;
				CURRENT_PROJECT_VERSION = 1;
				DEVELOPMENT_ASSET_PATHS = "\"homework-4/Preview Content\"";
				DEVELOPMENT_TEAM = KKN37UUKG9;
				ENABLE_PREVIEWS = YES;
				GENERATE_INFOPLIST_FILE = YES;
				INFOPLIST_KEY_UIApplicationSceneManifest_Generation = YES;
				INFOPLIST_KEY_UIApplicationSupportsIndirectInputEvents = YES;
				INFOPLIST_KEY_UILaunchScreen_Generation = YES;
				INFOPLIST_KEY_UISupportedInterfaceOrientations_iPad = "UIInterfaceOrientationPortrait UIInterfaceOrientationPortraitUpsideDown UIInterfaceOrientationLandscapeLeft UIInterfaceOrientationLandscapeRight";
				INFOPLIST_KEY_UISupportedInterfaceOrientations_iPhone = "UIInterfaceOrientationPortrait UIInterfaceOrientationLandscapeLeft UIInterfaceOrientationLandscapeRight";
				LD_RUNPATH_SEARCH_PATHS = (
					"$(inherited)",
					"@executable_path/Frameworks",
				);
				MARKETING_VERSION = 1.0;
				PRODUCT_BUNDLE_IDENTIFIER = "homework-4.tambovtsev.pro.homework-4";
				PRODUCT_NAME = "$(TARGET_NAME)";
				SWIFT_EMIT_LOC_STRINGS = YES;
				SWIFT_VERSION = 5.0;
				TARGETED_DEVICE_FAMILY = "1,2";
			};
			name = Release;
		};
/* End XCBuildConfiguration section */

/* Begin XCConfigurationList section */
		3B7BBEB129203AA7008BB6EC /* Build configuration list for PBXProject "homework-4" */ = {
			isa = XCConfigurationList;
			buildConfigurations = (
				3B7BBEC229203AA9008BB6EC /* Debug */,
				3B7BBEC329203AA9008BB6EC /* Release */,
			);
			defaultConfigurationIsVisible = 0;
			defaultConfigurationName = Release;
		};
		3B7BBEC429203AA9008BB6EC /* Build configuration list for PBXNativeTarget "homework-4" */ = {
			isa = XCConfigurationList;
			buildConfigurations = (
				3B7BBEC529203AA9008BB6EC /* Debug */,
				3B7BBEC629203AA9008BB6EC /* Release */,
			);
			defaultConfigurationIsVisible = 0;
			defaultConfigurationName = Release;
		};
/* End XCConfigurationList section */
	};
	rootObject = 3B7BBEAE29203AA7008BB6EC /* Project object */;
}
